/data/output/_COURSES/manifest.json
/data/output/_RESULTS/dvh_metrics.xlsx
/data/output/_RESULTS/radiomics_ct.xlsx
/data/output/_RESULTS/radiomics_mr.xlsx
/data/output/_RESULTS/fractions.xlsx
/data/output/_RESULTS/case_metadata.xlsx
/data/output/_RESULTS/qc_reports.xlsx
/data/output/_RESULTS/radiomics_robustness_summary.xlsx
